// !$*UTF8*$!
{
	archiveVersion = 1;
	classes = {
	};
	objectVersion = 46;
	objects = {

/* Begin PBXBuildFile section */
		94818B4D151B5E5A0012D875 /* UIKit.framework in Frameworks */ = {isa = PBXBuildFile; fileRef = 94818B4C151B5E5A0012D875 /* UIKit.framework */; };
		94818B4F151B5E5A0012D875 /* Foundation.framework in Frameworks */ = {isa = PBXBuildFile; fileRef = 94818B4E151B5E5A0012D875 /* Foundation.framework */; };
		94818B51151B5E5A0012D875 /* CoreGraphics.framework in Frameworks */ = {isa = PBXBuildFile; fileRef = 94818B50151B5E5A0012D875 /* CoreGraphics.framework */; };
		94818B57151B5E5A0012D875 /* InfoPlist.strings in Resources */ = {isa = PBXBuildFile; fileRef = 94818B55151B5E5A0012D875 /* InfoPlist.strings */; };
		94818B59151B5E5A0012D875 /* main.m in Sources */ = {isa = PBXBuildFile; fileRef = 94818B58151B5E5A0012D875 /* main.m */; };
		94818B5D151B5E5A0012D875 /* PanCanAppDelegate.m in Sources */ = {isa = PBXBuildFile; fileRef = 94818B5C151B5E5A0012D875 /* PanCanAppDelegate.m */; };
		94818B60151B5E5A0012D875 /* MainStoryboard.storyboard in Resources */ = {isa = PBXBuildFile; fileRef = 94818B5E151B5E5A0012D875 /* MainStoryboard.storyboard */; };
		94818B63151B5E5A0012D875 /* PanCanMasterViewController.m in Sources */ = {isa = PBXBuildFile; fileRef = 94818B62151B5E5A0012D875 /* PanCanMasterViewController.m */; };
		94818B66151B5E5A0012D875 /* PanCanDetailViewController.m in Sources */ = {isa = PBXBuildFile; fileRef = 94818B65151B5E5A0012D875 /* PanCanDetailViewController.m */; };
/* End PBXBuildFile section */

/* Begin PBXFileReference section */
		94818B48151B5E5A0012D875 /* PanCanApp.app */ = {isa = PBXFileReference; explicitFileType = wrapper.application; includeInIndex = 0; path = PanCanApp.app; sourceTree = BUILT_PRODUCTS_DIR; };
		94818B4C151B5E5A0012D875 /* UIKit.framework */ = {isa = PBXFileReference; lastKnownFileType = wrapper.framework; name = UIKit.framework; path = System/Library/Frameworks/UIKit.framework; sourceTree = SDKROOT; };
		94818B4E151B5E5A0012D875 /* Foundation.framework */ = {isa = PBXFileReference; lastKnownFileType = wrapper.framework; name = Foundation.framework; path = System/Library/Frameworks/Foundation.framework; sourceTree = SDKROOT; };
		94818B50151B5E5A0012D875 /* CoreGraphics.framework */ = {isa = PBXFileReference; lastKnownFileType = wrapper.framework; name = CoreGraphics.framework; path = System/Library/Frameworks/CoreGraphics.framework; sourceTree = SDKROOT; };
		94818B54151B5E5A0012D875 /* PanCanApp-Info.plist */ = {isa = PBXFileReference; path = "PanCanApp-Info.plist"; sourceTree = "<group>"; };
		94818B56151B5E5A0012D875 /* en */ = {isa = PBXFileReference; lastKnownFileType = text.plist.strings; name = en; path = en.lproj/InfoPlist.strings; sourceTree = "<group>"; };
		94818B58151B5E5A0012D875 /* main.m */ = {isa = PBXFileReference; lastKnownFileType = sourcecode.c.objc; path = main.m; sourceTree = "<group>"; };
		94818B5A151B5E5A0012D875 /* PanCanApp-Prefix.pch */ = {isa = PBXFileReference; path = "PanCanApp-Prefix.pch"; sourceTree = "<group>"; };
		94818B5B151B5E5A0012D875 /* PanCanAppDelegate.h */ = {isa = PBXFileReference; path = PanCanAppDelegate.h; sourceTree = "<group>"; };
		94818B5C151B5E5A0012D875 /* PanCanAppDelegate.m */ = {isa = PBXFileReference; lastKnownFileType = sourcecode.c.objc; path = PanCanAppDelegate.m; sourceTree = "<group>"; };
		94818B5F151B5E5A0012D875 /* en */ = {isa = PBXFileReference; lastKnownFileType = file.storyboard; name = en; path = en.lproj/MainStoryboard.storyboard; sourceTree = "<group>"; };
		94818B61151B5E5A0012D875 /* PanCanMasterViewController.h */ = {isa = PBXFileReference; path = PanCanMasterViewController.h; sourceTree = "<group>"; };
		94818B62151B5E5A0012D875 /* PanCanMasterViewController.m */ = {isa = PBXFileReference; lastKnownFileType = sourcecode.c.objc; path = PanCanMasterViewController.m; sourceTree = "<group>"; };
		94818B64151B5E5A0012D875 /* PanCanDetailViewController.h */ = {isa = PBXFileReference; path = PanCanDetailViewController.h; sourceTree = "<group>"; };
		94818B65151B5E5A0012D875 /* PanCanDetailViewController.m */ = {isa = PBXFileReference; lastKnownFileType = sourcecode.c.objc; path = PanCanDetailViewController.m; sourceTree = "<group>"; };
/* End PBXFileReference section */

/* Begin PBXFrameworksBuildPhase section */
		94818B45151B5E5A0012D875 /* Frameworks */ = {
			isa = PBXFrameworksBuildPhase;
			buildActionMask = 2147483647;
			files = (
				94818B4D151B5E5A0012D875 /* UIKit.framework in Frameworks */,
				94818B4F151B5E5A0012D875 /* Foundation.framework in Frameworks */,
				94818B51151B5E5A0012D875 /* CoreGraphics.framework in Frameworks */,
			);
			runOnlyForDeploymentPostprocessing = 0;
		};
/* End PBXFrameworksBuildPhase section */

/* Begin PBXGroup section */
		94818B3D151B5E590012D875 = {
			isa = PBXGroup;
			children = (
				94818B52151B5E5A0012D875 /* PanCanApp */,
				94818B4B151B5E5A0012D875 /* Frameworks */,
				94818B49151B5E5A0012D875 /* Products */,
			);
			sourceTree = "<group>";
		};
		94818B49151B5E5A0012D875 /* Products */ = {
			isa = PBXGroup;
			children = (
				94818B48151B5E5A0012D875 /* PanCanApp.app */,
			);
			name = Products;
			sourceTree = "<group>";
		};
		94818B4B151B5E5A0012D875 /* Frameworks */ = {
			isa = PBXGroup;
			children = (
				94818B4C151B5E5A0012D875 /* UIKit.framework */,
				94818B4E151B5E5A0012D875 /* Foundation.framework */,
				94818B50151B5E5A0012D875 /* CoreGraphics.framework */,
			);
			name = Frameworks;
			sourceTree = "<group>";
		};
		94818B52151B5E5A0012D875 /* PanCanApp */ = {
			isa = PBXGroup;
			children = (
				94818B5B151B5E5A0012D875 /* PanCanAppDelegate.h */,
				94818B5C151B5E5A0012D875 /* PanCanAppDelegate.m */,
				94818B5E151B5E5A0012D875 /* MainStoryboard.storyboard */,
				94818B61151B5E5A0012D875 /* PanCanMasterViewController.h */,
				94818B62151B5E5A0012D875 /* PanCanMasterViewController.m */,
				94818B64151B5E5A0012D875 /* PanCanDetailViewController.h */,
				94818B65151B5E5A0012D875 /* PanCanDetailViewController.m */,
				94818B53151B5E5A0012D875 /* Supporting Files */,
			);
			path = PanCanApp;
			sourceTree = "<group>";
		};
		94818B53151B5E5A0012D875 /* Supporting Files */ = {
			isa = PBXGroup;
			children = (
				94818B54151B5E5A0012D875 /* PanCanApp-Info.plist */,
				94818B55151B5E5A0012D875 /* InfoPlist.strings */,
				94818B58151B5E5A0012D875 /* main.m */,
				94818B5A151B5E5A0012D875 /* PanCanApp-Prefix.pch */,
			);
			name = "Supporting Files";
			sourceTree = "<group>";
		};
/* End PBXGroup section */

/* Begin PBXNativeTarget section */
		94818B47151B5E5A0012D875 /* PanCanApp */ = {
			isa = PBXNativeTarget;
			buildConfigurationList = 94818B69151B5E5A0012D875 /* Build configuration list for PBXNativeTarget "PanCanApp" */;
			buildPhases = (
				94818B44151B5E5A0012D875 /* Sources */,
				94818B45151B5E5A0012D875 /* Frameworks */,
				94818B46151B5E5A0012D875 /* Resources */,
			);
			buildRules = (
			);
			dependencies = (
			);
			name = PanCanApp;
			productName = PanCanApp;
			productReference = 94818B48151B5E5A0012D875 /* PanCanApp.app */;
			productType = "com.apple.product-type.application";
		};
/* End PBXNativeTarget section */

/* Begin PBXProject section */
		94818B3F151B5E590012D875 /* Project object */ = {
			isa = PBXProject;
			attributes = {
				LastUpgradeCheck = 0420;
			};
			buildConfigurationList = 94818B42151B5E590012D875 /* Build configuration list for PBXProject "PanCanApp" */;
			compatibilityVersion = "Xcode 3.2";
			developmentRegion = English;
			hasScannedForEncodings = 0;
			knownRegions = (
				en,
			);
			mainGroup = 94818B3D151B5E590012D875;
			productRefGroup = 94818B49151B5E5A0012D875 /* Products */;
			projectDirPath = "";
			projectRoot = "";
			targets = (
				94818B47151B5E5A0012D875 /* PanCanApp */,
			);
		};
/* End PBXProject section */

/* Begin PBXResourcesBuildPhase section */
		94818B46151B5E5A0012D875 /* Resources */ = {
			isa = PBXResourcesBuildPhase;
			buildActionMask = 2147483647;
			files = (
				94818B57151B5E5A0012D875 /* InfoPlist.strings in Resources */,
				94818B60151B5E5A0012D875 /* MainStoryboard.storyboard in Resources */,
			);
			runOnlyForDeploymentPostprocessing = 0;
		};
/* End PBXResourcesBuildPhase section */

/* Begin PBXSourcesBuildPhase section */
		94818B44151B5E5A0012D875 /* Sources */ = {
			isa = PBXSourcesBuildPhase;
			buildActionMask = 2147483647;
			files = (
				94818B59151B5E5A0012D875 /* main.m in Sources */,
				94818B5D151B5E5A0012D875 /* PanCanAppDelegate.m in Sources */,
				94818B63151B5E5A0012D875 /* PanCanMasterViewController.m in Sources */,
				94818B66151B5E5A0012D875 /* PanCanDetailViewController.m in Sources */,
			);
			runOnlyForDeploymentPostprocessing = 0;
		};
/* End PBXSourcesBuildPhase section */

/* Begin PBXVariantGroup section */
		94818B55151B5E5A0012D875 /* InfoPlist.strings */ = {
			isa = PBXVariantGroup;
			children = (
				94818B56151B5E5A0012D875 /* en */,
			);
			name = InfoPlist.strings;
			sourceTree = "<group>";
		};
		94818B5E151B5E5A0012D875 /* MainStoryboard.storyboard */ = {
			isa = PBXVariantGroup;
			children = (
				94818B5F151B5E5A0012D875 /* en */,
			);
			name = MainStoryboard.storyboard;
			sourceTree = "<group>";
		};
/* End PBXVariantGroup section */

/* Begin XCBuildConfiguration section */
		94818B67151B5E5A0012D875 /* Debug */ = {
			isa = XCBuildConfiguration;
			buildSettings = {
				ALWAYS_SEARCH_USER_PATHS = NO;
				ARCHS = "$(ARCHS_STANDARD_32_BIT)";
				CLANG_ENABLE_OBJC_ARC = YES;
				"CODE_SIGN_IDENTITY[sdk=iphoneos*]" = "iPhone Developer";
				COPY_PHASE_STRIP = NO;
				GCC_C_LANGUAGE_STANDARD = gnu99;
				GCC_DYNAMIC_NO_PIC = NO;
				GCC_OPTIMIZATION_LEVEL = 0;
				GCC_PREPROCESSOR_DEFINITIONS = (
					"DEBUG=1",
					"$(inherited)",
				);
				GCC_SYMBOLS_PRIVATE_EXTERN = NO;
				GCC_VERSION = com.apple.compilers.llvm.clang.1_0;
				GCC_WARN_ABOUT_MISSING_PROTOTYPES = YES;
				GCC_WARN_ABOUT_RETURN_TYPE = YES;
				GCC_WARN_UNUSED_VARIABLE = YES;
				IPHONEOS_DEPLOYMENT_TARGET = 5.0;
				SDKROOT = iphoneos;
			};
			name = Debug;
		};
		94818B68151B5E5A0012D875 /* Release */ = {
			isa = XCBuildConfiguration;
			buildSettings = {
				ALWAYS_SEARCH_USER_PATHS = NO;
				ARCHS = "$(ARCHS_STANDARD_32_BIT)";
				CLANG_ENABLE_OBJC_ARC = YES;
				"CODE_SIGN_IDENTITY[sdk=iphoneos*]" = "iPhone Developer";
				COPY_PHASE_STRIP = YES;
				GCC_C_LANGUAGE_STANDARD = gnu99;
				GCC_VERSION = com.apple.compilers.llvm.clang.1_0;
				GCC_WARN_ABOUT_MISSING_PROTOTYPES = YES;
				GCC_WARN_ABOUT_RETURN_TYPE = YES;
				GCC_WARN_UNUSED_VARIABLE = YES;
				IPHONEOS_DEPLOYMENT_TARGET = 5.0;
				OTHER_CFLAGS = "-DNS_BLOCK_ASSERTIONS=1";
				SDKROOT = iphoneos;
				VALIDATE_PRODUCT = YES;
			};
			name = Release;
		};
		94818B6A151B5E5A0012D875 /* Debug */ = {
			isa = XCBuildConfiguration;
			buildSettings = {
				GCC_PRECOMPILE_PREFIX_HEADER = YES;
				GCC_PREFIX_HEADER = "PanCanApp/PanCanApp-Prefix.pch";
				INFOPLIST_FILE = "PanCanApp/PanCanApp-Info.plist";
				PRODUCT_NAME = "$(TARGET_NAME)";
				WRAPPER_EXTENSION = app;
			};
			name = Debug;
		};
		94818B6B151B5E5A0012D875 /* Release */ = {
			isa = XCBuildConfiguration;
			buildSettings = {
				GCC_PRECOMPILE_PREFIX_HEADER = YES;
				GCC_PREFIX_HEADER = "PanCanApp/PanCanApp-Prefix.pch";
				INFOPLIST_FILE = "PanCanApp/PanCanApp-Info.plist";
				PRODUCT_NAME = "$(TARGET_NAME)";
				WRAPPER_EXTENSION = app;
			};
			name = Release;
		};
/* End XCBuildConfiguration section */

/* Begin XCConfigurationList section */
		94818B42151B5E590012D875 /* Build configuration list for PBXProject "PanCanApp" */ = {
			isa = XCConfigurationList;
			buildConfigurations = (
				94818B67151B5E5A0012D875 /* Debug */,
				94818B68151B5E5A0012D875 /* Release */,
			);
			defaultConfigurationIsVisible = 0;
			defaultConfigurationName = Release;
		};
		94818B69151B5E5A0012D875 /* Build configuration list for PBXNativeTarget "PanCanApp" */ = {
			isa = XCConfigurationList;
			buildConfigurations = (
				94818B6A151B5E5A0012D875 /* Debug */,
				94818B6B151B5E5A0012D875 /* Release */,
			);
			defaultConfigurationIsVisible = 0;
		};
/* End XCConfigurationList section */
	};
	rootObject = 94818B3F151B5E590012D875 /* Project object */;
}
